{
  "name": "project-truth-zkteco-bridge",
  "version": "1.0.0",
  "lockfileVersion": 3,
  "requires": true,
  "packages": {
    "": {
      "name": "project-truth-zkteco-bridge",
      "version": "1.0.0",
      "dependencies": {
        "zk-jubaer": "2.0.5"
      }
    },
    "node_modules/zk-jubaer": {
      "version": "2.0.5",
      "resolved": "https://registry.npmjs.org/zk-jubaer/-/zk-jubaer-2.0.5.tgz",
      "integrity": "sha512-k0yv1NYDP9DnKScd6SLlXsS7cpSzMl3NHaF8Muz2qZ5kj1h6PfgBgO8ey4aZ0BnYnU4njh/kSbu44/83YZXGww==",
      "license": "MIT"
    }
  }
}
